
Microsoft Visual Studio Solution File, Format Version 12.00
# Visual Studio Version 17
VisualStudioVersion = 17.1.32328.378
MinimumVisualStudioVersion = 10.0.40219.1
Project("{FAE04EC0-301F-11D3-BF4B-00C04F79EFBC}") = "Blockbuster", "Blockbuster\Blockbuster.csproj", "{76555A11-C40E-4A8F-9B3C-CEC291F3A60A}"
EndProject
Global
	GlobalSection(SolutionConfigurationPlatforms) = preSolution
		Debug|Any CPU = Debug|Any CPU
		Release|Any CPU = Release|Any CPU
	EndGlobalSection
	GlobalSection(ProjectConfigurationPlatforms) = postSolution
		{76555A11-C40E-4A8F-9B3C-CEC291F3A60A}.Debug|Any CPU.ActiveCfg = Debug|Any CPU
		{76555A11-C40E-4A8F-9B3C-CEC291F3A60A}.Debug|Any CPU.Build.0 = Debug|Any CPU
		{76555A11-C40E-4A8F-9B3C-CEC291F3A60A}.Release|Any CPU.ActiveCfg = Release|Any CPU
		{76555A11-C40E-4A8F-9B3C-CEC291F3A60A}.Release|Any CPU.Build.0 = Release|Any CPU
	EndGlobalSection
	GlobalSection(SolutionProperties) = preSolution
		HideSolutionNode = FALSE
	EndGlobalSection
	GlobalSection(ExtensibilityGlobals) = postSolution
		SolutionGuid = {FC77EAE1-8B06-4620-ADB9-85B65F909B41}
	EndGlobalSection
EndGlobal
